
Microsoft Visual Studio Solution File, Format Version 12.00
# Visual Studio 15
VisualStudioVersion = 15.0.28010.2048
MinimumVisualStudioVersion = 10.0.40219.1
Project("{FAE04EC0-301F-11D3-BF4B-00C04F79EFBC}") = "TesteBranch", "TesteBranch\TesteBranch.csproj", "{9039F963-14B1-4E92-B6DB-6E1A48E098DE}"
EndProject
Global
	GlobalSection(SolutionConfigurationPlatforms) = preSolution
		Debug|Any CPU = Debug|Any CPU
		Release|Any CPU = Release|Any CPU
	EndGlobalSection
	GlobalSection(ProjectConfigurationPlatforms) = postSolution
		{9039F963-14B1-4E92-B6DB-6E1A48E098DE}.Debug|Any CPU.ActiveCfg = Debug|Any CPU
		{9039F963-14B1-4E92-B6DB-6E1A48E098DE}.Debug|Any CPU.Build.0 = Debug|Any CPU
		{9039F963-14B1-4E92-B6DB-6E1A48E098DE}.Release|Any CPU.ActiveCfg = Release|Any CPU
		{9039F963-14B1-4E92-B6DB-6E1A48E098DE}.Release|Any CPU.Build.0 = Release|Any CPU
	EndGlobalSection
	GlobalSection(SolutionProperties) = preSolution
		HideSolutionNode = FALSE
	EndGlobalSection
	GlobalSection(ExtensibilityGlobals) = postSolution
		SolutionGuid = {62F75EA0-5B73-4525-9906-581D9411F3C8}
	EndGlobalSection
EndGlobal
